{
  "version": 4,
  "terraform_version": "0.12.24",
  "serial": 32,
  "lineage": "02fccff6-c9cb-a5e0-9439-feb6c46a1f80",
  "outputs": {
    "config_map_aws_auth": {
      "value": "apiVersion: v1\nkind: ConfigMap\nmetadata:\n  name: aws-auth\n  namespace: kube-system\ndata:\n  mapRoles: |\n    - rolearn: arn:aws:iam::502207623589:role/terraform-eks-demo-node\n      username: system:node:{{EC2PrivateDNSName}}\n      groups:\n        - system:bootstrappers\n        - system:nodes\n",
      "type": "string"
    },
    "kubeconfig": {
      "value": "apiVersion: v1\nclusters:\n- cluster:\n    server: https://60F7878F8A323690A4A37D845C1BA33E.sk1.us-east-1.eks.amazonaws.com\n    certificate-authority-data: LS0tLS1CRUdJTiBDRVJUSUZJQ0FURS0tLS0tCk1JSUN5RENDQWJDZ0F3SUJBZ0lCQURBTkJna3Foa2lHOXcwQkFRc0ZBREFWTVJNd0VRWURWUVFERXdwcmRXSmwKY201bGRHVnpNQjRYRFRJd01EUXdNekE1TXpjeE0xb1hEVE13TURRd01UQTVNemN4TTFvd0ZURVRNQkVHQTFVRQpBeE1LYTNWaVpYSnVaWFJsY3pDQ0FTSXdEUVlKS29aSWh2Y05BUUVCQlFBRGdnRVBBRENDQVFvQ2dnRUJBT3JCCnFaT29aeGRadXZ1NWk5eFhLUnh5L3h6akVtN0VqRDZxWWJaSGlYK3BtWG9RcXU4TytQN3JSWkI4azE0VnRTSnYKY0RFYktmelVlOURNSllnQUo1cTZyMDRuMERhMlZnRzlXRGhXRDJFZzFXbFA4TEo3a3dTWWl1MzE1ZytuMTVCdQpvQ3VoS1pBb2JKMVY1Y2xVbTlhN05xNFBsYnVjUHBKL0RJVXVxQk0rTzdLbUFBVTBvQlNnaDA2SVdJR21UVkN2ClNmbG4vSEQxL2V0YmloczhnVU1uMmNPYWNyM1d4elBrd29CRklOOU1ndjljakN0bmd1Mzd3c2FpOWVtZEhpQjkKNWRwRzl0Uy8wRXVLeDhFTnozclFFazdGYVJtTGJRUmUzcGsxYzVDY21YbTU4WXlndjMxL1dwNjIwMTJrZjBqaAorWG5OR1V3SEtkNDFwS3FYTGs4Q0F3RUFBYU1qTUNFd0RnWURWUjBQQVFIL0JBUURBZ0trTUE4R0ExVWRFd0VCCi93UUZNQU1CQWY4d0RRWUpLb1pJaHZjTkFRRUxCUUFEZ2dFQkFEcjdCbm9oT3JVUzVyZTJjK0J5a09kR3JudUYKRDJkd2pNSGZ6VWxnTmtLT1NueGZyU1hoTmI4MWdCZXJvelppa091ZVRnaXVIUWE4VWlOYm5aYVI5SXU0czhWVQpUVGpyT25oandmdG5xcUkwc0pWd3RucVJZVzBJdkMzWmhYMk1SbGZuR3FoUGVYclA4d0FrcjVsNFJGZmZxTmQvCmxRTmMrQmFTVUtJK0NwdlBwYnU4eDJJL0VrSEFCYm5jTVdrc1hWR2kwTWdVWWppV0thVURUOEpTSHlsUGlyRlMKR3dNZkx4dkhhaWhCYjJGMWhETWx3L2Q5UUxUaHYreDdLcW9pS0RmYS9tdlhYK1QvNDNsNTZQRVdSc04zT2g2MwpXUmRCNkg0ZGhyaTE1ZnFJN1cxRldZalZiQVlIdTdiZVRyZUFxTXJNd0RjK2NSUU5PSlRDL1MvWVhPST0KLS0tLS1FTkQgQ0VSVElGSUNBVEUtLS0tLQo=\n  name: kubernetes\ncontexts:\n- context:\n    cluster: kubernetes\n    user: aws\n  name: aws\ncurrent-context: aws\nkind: Config\npreferences: {}\nusers:\n- name: aws\n  user:\n    exec:\n      apiVersion: client.authentication.k8s.io/v1alpha1\n      command: aws-iam-authenticator\n      args:\n        - \"token\"\n        - \"-i\"\n        - \"terraform-eks\"\n",
      "type": "string"
    }
  },
  "resources": [
    {
      "mode": "data",
      "type": "aws_ami",
      "name": "ubuntu",
      "provider": "provider.aws",
      "instances": [
        {
          "schema_version": 0,
          "attributes": {
            "architecture": "x86_64",
            "block_device_mappings": [
              {
                "device_name": "/dev/sda1",
                "ebs": {
                  "delete_on_termination": "true",
                  "encrypted": "false",
                  "iops": "0",
                  "snapshot_id": "snap-0a0e7a77fede2bcce",
                  "volume_size": "8",
                  "volume_type": "gp2"
                },
                "no_device": "",
                "virtual_name": ""
              },
              {
                "device_name": "/dev/sdb",
                "ebs": {},
                "no_device": "",
                "virtual_name": "ephemeral0"
              },
              {
                "device_name": "/dev/sdc",
                "ebs": {},
                "no_device": "",
                "virtual_name": "ephemeral1"
              }
            ],
            "creation_date": "2020-03-17T20:37:37.000Z",
            "description": "Canonical, Ubuntu, 16.04 LTS, amd64 xenial image build on 2020-03-17",
            "executable_users": null,
            "filter": [
              {
                "name": "name",
                "values": [
                  "ubuntu/images/hvm-ssd/ubuntu-xenial-16.04-amd64-server-*"
                ]
              },
              {
                "name": "virtualization-type",
                "values": [
                  "hvm"
                ]
              }
            ],
            "hypervisor": "xen",
            "id": "ami-04ac550b78324f651",
            "image_id": "ami-04ac550b78324f651",
            "image_location": "099720109477/ubuntu/images/hvm-ssd/ubuntu-xenial-16.04-amd64-server-20200317",
            "image_owner_alias": null,
            "image_type": "machine",
            "kernel_id": null,
            "most_recent": true,
            "name": "ubuntu/images/hvm-ssd/ubuntu-xenial-16.04-amd64-server-20200317",
            "name_regex": null,
            "owner_id": "099720109477",
            "owners": [
              "099720109477"
            ],
            "platform": null,
            "product_codes": [],
            "public": true,
            "ramdisk_id": null,
            "root_device_name": "/dev/sda1",
            "root_device_type": "ebs",
            "root_snapshot_id": "snap-0a0e7a77fede2bcce",
            "sriov_net_support": "simple",
            "state": "available",
            "state_reason": {
              "code": "UNSET",
              "message": "UNSET"
            },
            "tags": {},
            "virtualization_type": "hvm"
          }
        }
      ]
    },
    {
      "mode": "data",
      "type": "aws_availability_zones",
      "name": "azs",
      "provider": "provider.aws",
      "instances": [
        {
          "schema_version": 0,
          "attributes": {
            "all_availability_zones": null,
            "blacklisted_names": null,
            "blacklisted_zone_ids": null,
            "filter": null,
            "group_names": [
              "us-east-1"
            ],
            "id": "2020-04-03 10:01:59.12833109 +0000 UTC",
            "names": [
              "us-east-1a",
              "us-east-1b",
              "us-east-1c",
              "us-east-1d",
              "us-east-1e",
              "us-east-1f"
            ],
            "state": null,
            "zone_ids": [
              "use1-az4",
              "use1-az6",
              "use1-az1",
              "use1-az2",
              "use1-az3",
              "use1-az5"
            ]
          }
        }
      ]
    },
    {
      "mode": "data",
      "type": "aws_region",
      "name": "current",
      "provider": "provider.aws",
      "instances": [
        {
          "schema_version": 0,
          "attributes": {
            "current": null,
            "description": "US East (N. Virginia)",
            "endpoint": "ec2.us-east-1.amazonaws.com",
            "id": "us-east-1",
            "name": "us-east-1"
          }
        }
      ]
    },
    {
      "mode": "data",
      "type": "http",
      "name": "workstation-external-ip",
      "provider": "provider.http",
      "instances": [
        {
          "schema_version": 0,
          "attributes": {
            "body": "3.82.211.83\n",
            "id": "2020-04-03 10:01:58.849718448 +0000 UTC",
            "request_headers": null,
            "response_headers": {
              "Access-Control-Allow-Methods": "GET",
              "Access-Control-Allow-Origin": "*",
              "Alt-Svc": "h3-27=\":443\"; ma=86400, h3-25=\":443\"; ma=86400, h3-24=\":443\"; ma=86400, h3-23=\":443\"; ma=86400",
              "Cf-Ray": "57e1f38ece14e0a2-IAD",
              "Connection": "keep-alive",
              "Content-Length": "12",
              "Content-Type": "text/plain",
              "Date": "Fri, 03 Apr 2020 10:01:58 GMT",
              "Server": "cloudflare",
              "Set-Cookie": "__cfduid=d73f75b010901e5bf5fbbbfa3584c18671585908118; expires=Sun, 03-May-20 10:01:58 GMT; path=/; domain=.icanhazip.com; HttpOnly; SameSite=Lax",
              "Vary": "Accept-Encoding",
              "X-Rtfm": "Learn about this site at http://bit.ly/icanhazip-faq and do not abuse the service.",
              "X-Security": "This site DOES NOT distribute malware. Get the facts. https://goo.gl/1FhVpg",
              "X-Worker-Version": "20190626_1"
            },
            "url": "http://ipv4.icanhazip.com"
          }
        }
      ]
    },
    {
      "mode": "managed",
      "type": "aws_eks_cluster",
      "name": "demo",
      "provider": "provider.aws",
      "instances": [
        {
          "schema_version": 0,
          "attributes": {
            "arn": "arn:aws:eks:us-east-1:502207623589:cluster/terraform-eks",
            "certificate_authority": [
              {
                "data": "LS0tLS1CRUdJTiBDRVJUSUZJQ0FURS0tLS0tCk1JSUN5RENDQWJDZ0F3SUJBZ0lCQURBTkJna3Foa2lHOXcwQkFRc0ZBREFWTVJNd0VRWURWUVFERXdwcmRXSmwKY201bGRHVnpNQjRYRFRJd01EUXdNekE1TXpjeE0xb1hEVE13TURRd01UQTVNemN4TTFvd0ZURVRNQkVHQTFVRQpBeE1LYTNWaVpYSnVaWFJsY3pDQ0FTSXdEUVlKS29aSWh2Y05BUUVCQlFBRGdnRVBBRENDQVFvQ2dnRUJBT3JCCnFaT29aeGRadXZ1NWk5eFhLUnh5L3h6akVtN0VqRDZxWWJaSGlYK3BtWG9RcXU4TytQN3JSWkI4azE0VnRTSnYKY0RFYktmelVlOURNSllnQUo1cTZyMDRuMERhMlZnRzlXRGhXRDJFZzFXbFA4TEo3a3dTWWl1MzE1ZytuMTVCdQpvQ3VoS1pBb2JKMVY1Y2xVbTlhN05xNFBsYnVjUHBKL0RJVXVxQk0rTzdLbUFBVTBvQlNnaDA2SVdJR21UVkN2ClNmbG4vSEQxL2V0YmloczhnVU1uMmNPYWNyM1d4elBrd29CRklOOU1ndjljakN0bmd1Mzd3c2FpOWVtZEhpQjkKNWRwRzl0Uy8wRXVLeDhFTnozclFFazdGYVJtTGJRUmUzcGsxYzVDY21YbTU4WXlndjMxL1dwNjIwMTJrZjBqaAorWG5OR1V3SEtkNDFwS3FYTGs4Q0F3RUFBYU1qTUNFd0RnWURWUjBQQVFIL0JBUURBZ0trTUE4R0ExVWRFd0VCCi93UUZNQU1CQWY4d0RRWUpLb1pJaHZjTkFRRUxCUUFEZ2dFQkFEcjdCbm9oT3JVUzVyZTJjK0J5a09kR3JudUYKRDJkd2pNSGZ6VWxnTmtLT1NueGZyU1hoTmI4MWdCZXJvelppa091ZVRnaXVIUWE4VWlOYm5aYVI5SXU0czhWVQpUVGpyT25oandmdG5xcUkwc0pWd3RucVJZVzBJdkMzWmhYMk1SbGZuR3FoUGVYclA4d0FrcjVsNFJGZmZxTmQvCmxRTmMrQmFTVUtJK0NwdlBwYnU4eDJJL0VrSEFCYm5jTVdrc1hWR2kwTWdVWWppV0thVURUOEpTSHlsUGlyRlMKR3dNZkx4dkhhaWhCYjJGMWhETWx3L2Q5UUxUaHYreDdLcW9pS0RmYS9tdlhYK1QvNDNsNTZQRVdSc04zT2g2MwpXUmRCNkg0ZGhyaTE1ZnFJN1cxRldZalZiQVlIdTdiZVRyZUFxTXJNd0RjK2NSUU5PSlRDL1MvWVhPST0KLS0tLS1FTkQgQ0VSVElGSUNBVEUtLS0tLQo="
              }
            ],
            "created_at": "2020-04-03 09:28:46 +0000 UTC",
            "enabled_cluster_log_types": [],
            "encryption_config": [],
            "endpoint": "https://60F7878F8A323690A4A37D845C1BA33E.sk1.us-east-1.eks.amazonaws.com",
            "id": "terraform-eks",
            "identity": [
              {
                "oidc": [
                  {
                    "issuer": "https://oidc.eks.us-east-1.amazonaws.com/id/60F7878F8A323690A4A37D845C1BA33E"
                  }
                ]
              }
            ],
            "name": "terraform-eks",
            "platform_version": "eks.1",
            "role_arn": "arn:aws:iam::502207623589:role/terraform-eks-demo-cluster",
            "status": "ACTIVE",
            "tags": {},
            "timeouts": null,
            "version": "1.15",
            "vpc_config": [
              {
                "cluster_security_group_id": "sg-033aa3903570ee9bd",
                "endpoint_private_access": false,
                "endpoint_public_access": true,
                "public_access_cidrs": [
                  "0.0.0.0/0"
                ],
                "security_group_ids": [
                  "sg-0d71d11ec3f05c8b4"
                ],
                "subnet_ids": [
                  "subnet-0ba085fb023f7f9e4",
                  "subnet-0d304ed53281ba918"
                ],
                "vpc_id": "vpc-081857bcb2197db72"
              }
            ]
          },
          "private": "eyJlMmJmYjczMC1lY2FhLTExZTYtOGY4OC0zNDM2M2JjN2M0YzAiOnsiY3JlYXRlIjoxODAwMDAwMDAwMDAwLCJkZWxldGUiOjkwMDAwMDAwMDAwMCwidXBkYXRlIjozNjAwMDAwMDAwMDAwfX0=",
          "dependencies": [
            "aws_iam_role.demo-cluster",
            "aws_iam_role_policy_attachment.demo-cluster-AmazonEKSClusterPolicy",
            "aws_iam_role_policy_attachment.demo-cluster-AmazonEKSServicePolicy",
            "aws_security_group.demo-cluster",
            "aws_subnet.demo",
            "aws_vpc.demo"
          ]
        }
      ]
    },
    {
      "mode": "managed",
      "type": "aws_eks_node_group",
      "name": "demo",
      "provider": "provider.aws",
      "instances": [
        {
          "schema_version": 0,
          "attributes": {
            "ami_type": "AL2_x86_64",
            "arn": "arn:aws:eks:us-east-1:502207623589:nodegroup/terraform-eks/demo/d8b89fb4-f3e0-8d57-7bcf-90a012c164a3",
            "cluster_name": "terraform-eks",
            "disk_size": 20,
            "id": "terraform-eks:demo",
            "instance_types": [
              "t2.micro"
            ],
            "labels": {},
            "node_group_name": "demo",
            "node_role_arn": "arn:aws:iam::502207623589:role/terraform-eks-demo-node",
            "release_version": "1.15.10-20200228",
            "remote_access": [],
            "resources": [
              {
                "autoscaling_groups": [
                  {
                    "name": "eks-d8b89fb4-f3e0-8d57-7bcf-90a012c164a3"
                  }
                ],
                "remote_access_security_group_id": ""
              }
            ],
            "scaling_config": [
              {
                "desired_size": 1,
                "max_size": 1,
                "min_size": 1
              }
            ],
            "status": "ACTIVE",
            "subnet_ids": [
              "subnet-0ba085fb023f7f9e4",
              "subnet-0d304ed53281ba918"
            ],
            "tags": {
              "Environment": "sandbox"
            },
            "timeouts": null,
            "version": "1.15"
          },
          "private": "eyJlMmJmYjczMC1lY2FhLTExZTYtOGY4OC0zNDM2M2JjN2M0YzAiOnsiY3JlYXRlIjozNjAwMDAwMDAwMDAwLCJkZWxldGUiOjM2MDAwMDAwMDAwMDAsInVwZGF0ZSI6MzYwMDAwMDAwMDAwMH19",
          "dependencies": [
            "aws_eks_cluster.demo",
            "aws_iam_role.demo-cluster",
            "aws_iam_role.demo-node",
            "aws_iam_role_policy_attachment.demo-cluster-AmazonEKSClusterPolicy",
            "aws_iam_role_policy_attachment.demo-cluster-AmazonEKSServicePolicy",
            "aws_iam_role_policy_attachment.demo-node-AmazonEC2ContainerRegistryReadOnly",
            "aws_iam_role_policy_attachment.demo-node-AmazonEKSWorkerNodePolicy",
            "aws_iam_role_policy_attachment.demo-node-AmazonEKS_CNI_Policy",
            "aws_security_group.demo-cluster",
            "aws_subnet.demo",
            "aws_vpc.demo"
          ]
        }
      ]
    },
    {
      "mode": "managed",
      "type": "aws_iam_role",
      "name": "demo-cluster",
      "provider": "provider.aws",
      "instances": [
        {
          "schema_version": 0,
          "attributes": {
            "arn": "arn:aws:iam::502207623589:role/terraform-eks-demo-cluster",
            "assume_role_policy": "{\"Version\":\"2012-10-17\",\"Statement\":[{\"Effect\":\"Allow\",\"Principal\":{\"Service\":\"eks.amazonaws.com\"},\"Action\":\"sts:AssumeRole\"}]}",
            "create_date": "2020-04-03T09:21:56Z",
            "description": "",
            "force_detach_policies": false,
            "id": "terraform-eks-demo-cluster",
            "max_session_duration": 3600,
            "name": "terraform-eks-demo-cluster",
            "name_prefix": null,
            "path": "/",
            "permissions_boundary": null,
            "tags": {},
            "unique_id": "AROAXJ3PIGGSTUVVNOVP6"
          },
          "private": "bnVsbA=="
        }
      ]
    },
    {
      "mode": "managed",
      "type": "aws_iam_role",
      "name": "demo-node",
      "provider": "provider.aws",
      "instances": [
        {
          "schema_version": 0,
          "attributes": {
            "arn": "arn:aws:iam::502207623589:role/terraform-eks-demo-node",
            "assume_role_policy": "{\"Version\":\"2012-10-17\",\"Statement\":[{\"Effect\":\"Allow\",\"Principal\":{\"Service\":\"ec2.amazonaws.com\"},\"Action\":\"sts:AssumeRole\"}]}",
            "create_date": "2020-04-03T09:21:56Z",
            "description": "",
            "force_detach_policies": false,
            "id": "terraform-eks-demo-node",
            "max_session_duration": 3600,
            "name": "terraform-eks-demo-node",
            "name_prefix": null,
            "path": "/",
            "permissions_boundary": null,
            "tags": {},
            "unique_id": "AROAXJ3PIGGSRAANLZ5LQ"
          },
          "private": "bnVsbA=="
        }
      ]
    },
    {
      "mode": "managed",
      "type": "aws_iam_role_policy_attachment",
      "name": "demo-cluster-AmazonEKSClusterPolicy",
      "provider": "provider.aws",
      "instances": [
        {
          "schema_version": 0,
          "attributes": {
            "id": "terraform-eks-demo-cluster-20200403092156292200000001",
            "policy_arn": "arn:aws:iam::aws:policy/AmazonEKSClusterPolicy",
            "role": "terraform-eks-demo-cluster"
          },
          "private": "bnVsbA==",
          "dependencies": [
            "aws_iam_role.demo-cluster"
          ]
        }
      ]
    },
    {
      "mode": "managed",
      "type": "aws_iam_role_policy_attachment",
      "name": "demo-cluster-AmazonEKSServicePolicy",
      "provider": "provider.aws",
      "instances": [
        {
          "schema_version": 0,
          "attributes": {
            "id": "terraform-eks-demo-cluster-20200403092156313100000005",
            "policy_arn": "arn:aws:iam::aws:policy/AmazonEKSServicePolicy",
            "role": "terraform-eks-demo-cluster"
          },
          "private": "bnVsbA==",
          "dependencies": [
            "aws_iam_role.demo-cluster"
          ]
        }
      ]
    },
    {
      "mode": "managed",
      "type": "aws_iam_role_policy_attachment",
      "name": "demo-node-AmazonEC2ContainerRegistryReadOnly",
      "provider": "provider.aws",
      "instances": [
        {
          "schema_version": 0,
          "attributes": {
            "id": "terraform-eks-demo-node-20200403092156293400000002",
            "policy_arn": "arn:aws:iam::aws:policy/AmazonEC2ContainerRegistryReadOnly",
            "role": "terraform-eks-demo-node"
          },
          "private": "bnVsbA==",
          "dependencies": [
            "aws_iam_role.demo-node"
          ]
        }
      ]
    },
    {
      "mode": "managed",
      "type": "aws_iam_role_policy_attachment",
      "name": "demo-node-AmazonEKSWorkerNodePolicy",
      "provider": "provider.aws",
      "instances": [
        {
          "schema_version": 0,
          "attributes": {
            "id": "terraform-eks-demo-node-20200403092156300800000003",
            "policy_arn": "arn:aws:iam::aws:policy/AmazonEKSWorkerNodePolicy",
            "role": "terraform-eks-demo-node"
          },
          "private": "bnVsbA==",
          "dependencies": [
            "aws_iam_role.demo-node"
          ]
        }
      ]
    },
    {
      "mode": "managed",
      "type": "aws_iam_role_policy_attachment",
      "name": "demo-node-AmazonEKS_CNI_Policy",
      "provider": "provider.aws",
      "instances": [
        {
          "schema_version": 0,
          "attributes": {
            "id": "terraform-eks-demo-node-20200403092156309500000004",
            "policy_arn": "arn:aws:iam::aws:policy/AmazonEKS_CNI_Policy",
            "role": "terraform-eks-demo-node"
          },
          "private": "bnVsbA==",
          "dependencies": [
            "aws_iam_role.demo-node"
          ]
        }
      ]
    },
    {
      "mode": "managed",
      "type": "aws_instance",
      "name": "jenkins",
      "provider": "provider.aws",
      "instances": [
        {
          "schema_version": 1,
          "attributes": {
            "ami": "ami-04ac550b78324f651",
            "arn": "arn:aws:ec2:us-east-1:502207623589:instance/i-0c6e1fe72d83a0b65",
            "associate_public_ip_address": true,
            "availability_zone": "us-east-1a",
            "cpu_core_count": 1,
            "cpu_threads_per_core": 1,
            "credit_specification": [
              {
                "cpu_credits": "standard"
              }
            ],
            "disable_api_termination": false,
            "ebs_block_device": [],
            "ebs_optimized": false,
            "ephemeral_block_device": [],
            "get_password_data": false,
            "hibernation": false,
            "host_id": null,
            "iam_instance_profile": "",
            "id": "i-0c6e1fe72d83a0b65",
            "instance_initiated_shutdown_behavior": null,
            "instance_state": "running",
            "instance_type": "t2.micro",
            "ipv6_address_count": 0,
            "ipv6_addresses": [],
            "key_name": "mykeypair",
            "metadata_options": [
              {
                "http_endpoint": "enabled",
                "http_put_response_hop_limit": 1,
                "http_tokens": "optional"
              }
            ],
            "monitoring": false,
            "network_interface": [],
            "network_interface_id": null,
            "password_data": "",
            "placement_group": "",
            "primary_network_interface_id": "eni-068282666174dad96",
            "private_dns": "ip-30-0-0-122.ec2.internal",
            "private_ip": "30.0.0.122",
            "public_dns": "",
            "public_ip": "3.80.99.31",
            "root_block_device": [
              {
                "delete_on_termination": true,
                "encrypted": false,
                "iops": 100,
                "kms_key_id": "",
                "volume_id": "vol-0d50a4c3acd8879eb",
                "volume_size": 8,
                "volume_type": "gp2"
              }
            ],
            "security_groups": [],
            "source_dest_check": true,
            "subnet_id": "subnet-0ba085fb023f7f9e4",
            "tags": {
              "Environment": "sandbox",
              "Name": "Jenkins-demo"
            },
            "tenancy": "default",
            "timeouts": null,
            "user_data": "256e69cb794f0bc3d63d343764ca1c6e0fb5a788",
            "user_data_base64": null,
            "volume_tags": {},
            "vpc_security_group_ids": [
              "sg-0b36ba2a2155ab4a6"
            ]
          },
          "private": "eyJlMmJmYjczMC1lY2FhLTExZTYtOGY4OC0zNDM2M2JjN2M0YzAiOnsiY3JlYXRlIjo2MDAwMDAwMDAwMDAsImRlbGV0ZSI6MTIwMDAwMDAwMDAwMCwidXBkYXRlIjo2MDAwMDAwMDAwMDB9LCJzY2hlbWFfdmVyc2lvbiI6IjEifQ==",
          "dependencies": [
            "aws_key_pair.mykeypair",
            "aws_security_group.jenkins",
            "aws_subnet.demo"
          ]
        }
      ]
    },
    {
      "mode": "managed",
      "type": "aws_internet_gateway",
      "name": "demo",
      "provider": "provider.aws",
      "instances": [
        {
          "schema_version": 0,
          "attributes": {
            "id": "igw-0db5ac4fbbd757aea",
            "owner_id": "502207623589",
            "tags": {
              "Environment": "sandbox"
            },
            "vpc_id": "vpc-081857bcb2197db72"
          },
          "private": "bnVsbA==",
          "dependencies": [
            "aws_vpc.demo"
          ]
        }
      ]
    },
    {
      "mode": "managed",
      "type": "aws_key_pair",
      "name": "mykeypair",
      "provider": "provider.aws",
      "instances": [
        {
          "schema_version": 1,
          "attributes": {
            "fingerprint": "fb:91:e7:68:2c:05:db:4e:78:cd:5f:b9:86:f9:39:09",
            "id": "mykeypair",
            "key_name": "mykeypair",
            "key_name_prefix": null,
            "key_pair_id": "key-00a242a4a94da3972",
            "public_key": "ssh-rsa AAAAB3NzaC1yc2EAAAADAQABAAABAQDfpAsorfu3Vz2GL3fQSRHABVi/x6aVb5/KVZ4eURkpC62eWJg8gAhtewXff4NAWKtU0PK40LQ7K+Fe2sK0P/z/8+KrTsqXS1c4mi6ITBmgrkOk9/r4C2LMtX3YEC1ViBaqCVsk21b5TCBvapk2+RtUzl9R1c2jj+UZCktnkzZ3QctEAHK44sbg4VQDRGMBih57RssgVVVlkuaK+epBGpN7Ax5V5T04oX2vf5rI4vEqSDph7T6qwWfVVzi+a1d7E4dBOQFV/6iD+iVrQK+sbFY3T1H/jetKRgP+yy4vv0mvy3o1COcsSoCLryqeIMLZxEshxXuBOi9gLPPSK0ei7OrZ root@ip-172-31-81-149",
            "tags": {}
          },
          "private": "eyJzY2hlbWFfdmVyc2lvbiI6IjEifQ=="
        }
      ]
    },
    {
      "mode": "managed",
      "type": "aws_route_table",
      "name": "demo",
      "provider": "provider.aws",
      "instances": [
        {
          "schema_version": 0,
          "attributes": {
            "id": "rtb-089f075e4690510c5",
            "owner_id": "502207623589",
            "propagating_vgws": [],
            "route": [
              {
                "cidr_block": "0.0.0.0/0",
                "egress_only_gateway_id": "",
                "gateway_id": "igw-0db5ac4fbbd757aea",
                "instance_id": "",
                "ipv6_cidr_block": "",
                "nat_gateway_id": "",
                "network_interface_id": "",
                "transit_gateway_id": "",
                "vpc_peering_connection_id": ""
              }
            ],
            "tags": {},
            "vpc_id": "vpc-081857bcb2197db72"
          },
          "private": "bnVsbA==",
          "dependencies": [
            "aws_internet_gateway.demo",
            "aws_vpc.demo"
          ]
        }
      ]
    },
    {
      "mode": "managed",
      "type": "aws_route_table_association",
      "name": "demo",
      "each": "list",
      "provider": "provider.aws",
      "instances": [
        {
          "index_key": 0,
          "schema_version": 0,
          "attributes": {
            "gateway_id": null,
            "id": "rtbassoc-0fc0d866c1c3432b5",
            "route_table_id": "rtb-089f075e4690510c5",
            "subnet_id": "subnet-0ba085fb023f7f9e4"
          },
          "private": "bnVsbA==",
          "dependencies": [
            "aws_route_table.demo",
            "aws_subnet.demo",
            "aws_vpc.demo"
          ]
        },
        {
          "index_key": 1,
          "schema_version": 0,
          "attributes": {
            "gateway_id": null,
            "id": "rtbassoc-0aac1a622bd9d4b0a",
            "route_table_id": "rtb-089f075e4690510c5",
            "subnet_id": "subnet-0d304ed53281ba918"
          },
          "private": "bnVsbA==",
          "dependencies": [
            "aws_route_table.demo",
            "aws_subnet.demo",
            "aws_vpc.demo"
          ]
        }
      ]
    },
    {
      "mode": "managed",
      "type": "aws_security_group",
      "name": "demo-cluster",
      "provider": "provider.aws",
      "instances": [
        {
          "schema_version": 1,
          "attributes": {
            "arn": "arn:aws:ec2:us-east-1:502207623589:security-group/sg-0d71d11ec3f05c8b4",
            "description": "Cluster communication with worker nodes",
            "egress": [
              {
                "cidr_blocks": [
                  "0.0.0.0/0"
                ],
                "description": "",
                "from_port": 0,
                "ipv6_cidr_blocks": [],
                "prefix_list_ids": [],
                "protocol": "-1",
                "security_groups": [],
                "self": false,
                "to_port": 0
              }
            ],
            "id": "sg-0d71d11ec3f05c8b4",
            "ingress": [
              {
                "cidr_blocks": [
                  "3.82.211.83/32"
                ],
                "description": "Allow workstation to communicate with the cluster API Server",
                "from_port": 443,
                "ipv6_cidr_blocks": [],
                "prefix_list_ids": [],
                "protocol": "tcp",
                "security_groups": [],
                "self": false,
                "to_port": 443
              }
            ],
            "name": "terraform-eks-demo-cluster",
            "name_prefix": null,
            "owner_id": "502207623589",
            "revoke_rules_on_delete": false,
            "tags": {
              "Environment": "sandbox"
            },
            "timeouts": null,
            "vpc_id": "vpc-081857bcb2197db72"
          },
          "private": "eyJlMmJmYjczMC1lY2FhLTExZTYtOGY4OC0zNDM2M2JjN2M0YzAiOnsiY3JlYXRlIjo2MDAwMDAwMDAwMDAsImRlbGV0ZSI6NjAwMDAwMDAwMDAwfSwic2NoZW1hX3ZlcnNpb24iOiIxIn0=",
          "dependencies": [
            "aws_vpc.demo"
          ]
        }
      ]
    },
    {
      "mode": "managed",
      "type": "aws_security_group",
      "name": "jenkins",
      "provider": "provider.aws",
      "instances": [
        {
          "schema_version": 1,
          "attributes": {
            "arn": "arn:aws:ec2:us-east-1:502207623589:security-group/sg-0b36ba2a2155ab4a6",
            "description": "Allow 8080 port",
            "egress": [
              {
                "cidr_blocks": [
                  "0.0.0.0/0"
                ],
                "description": "",
                "from_port": 0,
                "ipv6_cidr_blocks": [],
                "prefix_list_ids": [],
                "protocol": "-1",
                "security_groups": [],
                "self": false,
                "to_port": 0
              }
            ],
            "id": "sg-0b36ba2a2155ab4a6",
            "ingress": [
              {
                "cidr_blocks": [
                  "125.16.91.5/32",
                  "3.82.211.83/32"
                ],
                "description": "HTTP_22",
                "from_port": 22,
                "ipv6_cidr_blocks": [],
                "prefix_list_ids": [],
                "protocol": "tcp",
                "security_groups": [],
                "self": false,
                "to_port": 22
              },
              {
                "cidr_blocks": [
                  "125.16.91.5/32"
                ],
                "description": "HTTP_8080",
                "from_port": 8080,
                "ipv6_cidr_blocks": [],
                "prefix_list_ids": [],
                "protocol": "tcp",
                "security_groups": [],
                "self": false,
                "to_port": 8080
              }
            ],
            "name": "Jenkins-sg",
            "name_prefix": null,
            "owner_id": "502207623589",
            "revoke_rules_on_delete": false,
            "tags": {
              "Environment": "sandbox",
              "Name": "allow_8080_22"
            },
            "timeouts": null,
            "vpc_id": "vpc-081857bcb2197db72"
          },
          "private": "eyJlMmJmYjczMC1lY2FhLTExZTYtOGY4OC0zNDM2M2JjN2M0YzAiOnsiY3JlYXRlIjo2MDAwMDAwMDAwMDAsImRlbGV0ZSI6NjAwMDAwMDAwMDAwfSwic2NoZW1hX3ZlcnNpb24iOiIxIn0=",
          "dependencies": [
            "aws_vpc.demo"
          ]
        }
      ]
    },
    {
      "mode": "managed",
      "type": "aws_security_group_rule",
      "name": "demo-cluster-ingress-workstation-https",
      "provider": "provider.aws",
      "instances": [
        {
          "schema_version": 2,
          "attributes": {
            "cidr_blocks": [
              "3.82.211.83/32"
            ],
            "description": "Allow workstation to communicate with the cluster API Server",
            "from_port": 443,
            "id": "sgrule-315861206",
            "ipv6_cidr_blocks": [],
            "prefix_list_ids": [],
            "protocol": "tcp",
            "security_group_id": "sg-0d71d11ec3f05c8b4",
            "self": false,
            "source_security_group_id": null,
            "to_port": 443,
            "type": "ingress"
          },
          "private": "eyJzY2hlbWFfdmVyc2lvbiI6IjIifQ==",
          "dependencies": [
            "aws_security_group.demo-cluster",
            "aws_vpc.demo"
          ]
        }
      ]
    },
    {
      "mode": "managed",
      "type": "aws_subnet",
      "name": "demo",
      "each": "list",
      "provider": "provider.aws",
      "instances": [
        {
          "index_key": 0,
          "schema_version": 1,
          "attributes": {
            "arn": "arn:aws:ec2:us-east-1:502207623589:subnet/subnet-0ba085fb023f7f9e4",
            "assign_ipv6_address_on_creation": false,
            "availability_zone": "us-east-1a",
            "availability_zone_id": "use1-az4",
            "cidr_block": "30.0.0.0/24",
            "id": "subnet-0ba085fb023f7f9e4",
            "ipv6_cidr_block": "",
            "ipv6_cidr_block_association_id": "",
            "map_public_ip_on_launch": false,
            "owner_id": "502207623589",
            "tags": {
              "Environment": "sandbox",
              "kubernetes.io/cluster/terraform-eks": "shared"
            },
            "timeouts": null,
            "vpc_id": "vpc-081857bcb2197db72"
          },
          "private": "eyJlMmJmYjczMC1lY2FhLTExZTYtOGY4OC0zNDM2M2JjN2M0YzAiOnsiY3JlYXRlIjo2MDAwMDAwMDAwMDAsImRlbGV0ZSI6MTIwMDAwMDAwMDAwMH0sInNjaGVtYV92ZXJzaW9uIjoiMSJ9",
          "dependencies": [
            "aws_vpc.demo"
          ]
        },
        {
          "index_key": 1,
          "schema_version": 1,
          "attributes": {
            "arn": "arn:aws:ec2:us-east-1:502207623589:subnet/subnet-0d304ed53281ba918",
            "assign_ipv6_address_on_creation": false,
            "availability_zone": "us-east-1b",
            "availability_zone_id": "use1-az6",
            "cidr_block": "30.0.1.0/24",
            "id": "subnet-0d304ed53281ba918",
            "ipv6_cidr_block": "",
            "ipv6_cidr_block_association_id": "",
            "map_public_ip_on_launch": false,
            "owner_id": "502207623589",
            "tags": {
              "Environment": "sandbox",
              "kubernetes.io/cluster/terraform-eks": "shared"
            },
            "timeouts": null,
            "vpc_id": "vpc-081857bcb2197db72"
          },
          "private": "eyJlMmJmYjczMC1lY2FhLTExZTYtOGY4OC0zNDM2M2JjN2M0YzAiOnsiY3JlYXRlIjo2MDAwMDAwMDAwMDAsImRlbGV0ZSI6MTIwMDAwMDAwMDAwMH0sInNjaGVtYV92ZXJzaW9uIjoiMSJ9",
          "dependencies": [
            "aws_vpc.demo"
          ]
        }
      ]
    },
    {
      "mode": "managed",
      "type": "aws_vpc",
      "name": "demo",
      "provider": "provider.aws",
      "instances": [
        {
          "schema_version": 1,
          "attributes": {
            "arn": "arn:aws:ec2:us-east-1:502207623589:vpc/vpc-081857bcb2197db72",
            "assign_generated_ipv6_cidr_block": false,
            "cidr_block": "30.0.0.0/16",
            "default_network_acl_id": "acl-0a3caf41208d8192c",
            "default_route_table_id": "rtb-05311cf0a311698a0",
            "default_security_group_id": "sg-054f1be6d3bdf91c3",
            "dhcp_options_id": "dopt-1d66c167",
            "enable_classiclink": false,
            "enable_classiclink_dns_support": false,
            "enable_dns_hostnames": false,
            "enable_dns_support": true,
            "id": "vpc-081857bcb2197db72",
            "instance_tenancy": "default",
            "ipv6_association_id": "",
            "ipv6_cidr_block": "",
            "main_route_table_id": "rtb-05311cf0a311698a0",
            "owner_id": "502207623589",
            "tags": {
              "Environment": "sandbox",
              "kubernetes.io/cluster/terraform-eks": "shared"
            }
          },
          "private": "eyJzY2hlbWFfdmVyc2lvbiI6IjEifQ=="
        }
      ]
    }
  ]
}
